<?xml version="1.0" encoding="utf-8"?>
<Project ToolsVersion="4.0" xmlns="http://schemas.microsoft.com/developer/msbuild/2003">
  <ItemGroup>
    <Filter Include="Source Files">
      <UniqueIdentifier>{4FC737F1-C7A5-4376-A066-2A32D752A2FF}</UniqueIdentifier>
      <Extensions>cpp;c;cc;cxx;def;odl;idl;hpj;bat;asm;asmx</Extensions>
    </Filter>
    <Filter Include="Header Files">
      <UniqueIdentifier>{93995380-89BD-4b04-88EB-625FBE52EBFB}</UniqueIdentifier>
      <Extensions>h;hh;hpp;hxx;hm;inl;inc;xsd</Extensions>
    </Filter>
    <Filter Include="Resource Files">
      <UniqueIdentifier>{67DA6AB6-F800-4c08-8B7A-83BB121AAD01}</UniqueIdentifier>
      <Extensions>rc;ico;cur;bmp;dlg;rc2;rct;bin;rgs;gif;jpg;jpeg;jpe;resx;tiff;tif;png;wav;mfcribbon-ms</Extensions>
    </Filter>
  </ItemGroup>
  <ItemGroup>
    <ClCompile Include="C:\Users\Zengye\Desktop\code\AmericanOption.cpp">
      <Filter>Source Files</Filter>
    </ClCompile>
    <ClCompile Include="C:\Users\Zengye\Desktop\code\backward_subst.cpp">
      <Filter>Source Files</Filter>
    </ClCompile>
    <ClCompile Include="C:\Users\Zengye\Desktop\code\EuropeanOption.cpp">
      <Filter>Source Files</Filter>
    </ClCompile>
    <ClCompile Include="C:\Users\Zengye\Desktop\code\forward_subst.cpp">
      <Filter>Source Files</Filter>
    </ClCompile>
    <ClCompile Include="C:\Users\Zengye\Desktop\code\linear_solve_lu_no_pivoting.cpp">
      <Filter>Source Files</Filter>
    </ClCompile>
    <ClCompile Include="C:\Users\Zengye\Desktop\code\lu_no_pivoting.cpp">
      <Filter>Source Files</Filter>
    </ClCompile>
    <ClCompile Include="C:\Users\Zengye\Desktop\code\main.cpp">
      <Filter>Source Files</Filter>
    </ClCompile>
    <ClCompile Include="C:\Users\Zengye\Desktop\code\Option.cpp">
      <Filter>Source Files</Filter>
    </ClCompile>
    <ClCompile Include="C:\Users\Zengye\Desktop\code\SOR_iteration.cpp">
      <Filter>Source Files</Filter>
    </ClCompile>
    <ClCompile Include="C:\Users\Zengye\Desktop\code\tool_function.cpp">
      <Filter>Source Files</Filter>
    </ClCompile>
    <ClCompile Include="C:\Users\Zengye\Desktop\code\vector_norm.cpp">
      <Filter>Source Files</Filter>
    </ClCompile>
  </ItemGroup>
  <ItemGroup>
    <ClInclude Include="C:\Users\Zengye\Desktop\code\AmericanOption.hpp">
      <Filter>Source Files</Filter>
    </ClInclude>
    <ClInclude Include="C:\Users\Zengye\Desktop\code\backward_subst.hpp">
      <Filter>Source Files</Filter>
    </ClInclude>
    <ClInclude Include="C:\Users\Zengye\Desktop\code\EuropeanOption.hpp">
      <Filter>Source Files</Filter>
    </ClInclude>
    <ClInclude Include="C:\Users\Zengye\Desktop\code\forward_subst.hpp">
      <Filter>Source Files</Filter>
    </ClInclude>
    <ClInclude Include="C:\Users\Zengye\Desktop\code\linear_solve_lu_no_pivoting.hpp">
      <Filter>Source Files</Filter>
    </ClInclude>
    <ClInclude Include="C:\Users\Zengye\Desktop\code\lu_no_pivoting.hpp">
      <Filter>Source Files</Filter>
    </ClInclude>
    <ClInclude Include="C:\Users\Zengye\Desktop\code\Option.hpp">
      <Filter>Source Files</Filter>
    </ClInclude>
    <ClInclude Include="C:\Users\Zengye\Desktop\code\SOR_iteration.hpp">
      <Filter>Source Files</Filter>
    </ClInclude>
    <ClInclude Include="C:\Users\Zengye\Desktop\code\tool_function.hpp">
      <Filter>Source Files</Filter>
    </ClInclude>
    <ClInclude Include="C:\Users\Zengye\Desktop\code\vector_norm.hpp">
      <Filter>Source Files</Filter>
    </ClInclude>
  </ItemGroup>
</Project>