
Microsoft Visual Studio Solution File, Format Version 12.00
# Visual Studio 14
VisualStudioVersion = 14.0.23107.0
MinimumVisualStudioVersion = 10.0.40219.1
Project("{8BC9CEB8-8B4A-11D0-8D11-00A0C91BC942}") = "akuna", "akuna\akuna.vcxproj", "{897C211B-5EC4-451F-B950-778174520611}"
EndProject
Project("{888888A0-9F3D-457C-B088-3A5042F75D52}") = "python", "python\python.pyproj", "{8DA8B526-D72E-4807-A4DB-06A1AAB647C7}"
EndProject
Project("{888888A0-9F3D-457C-B088-3A5042F75D52}") = "two-sigma-python", "two-sigma-python\two-sigma-python.pyproj", "{5674089F-7A67-4715-9FCE-D6B08A1408FA}"
EndProject
Project("{888888A0-9F3D-457C-B088-3A5042F75D52}") = "Peak6", "Peak6\Peak6.pyproj", "{0630754D-01E6-4E0D-A43B-8BC6189BAF83}"
EndProject
Project("{8BC9CEB8-8B4A-11D0-8D11-00A0C91BC942}") = "goldman-TX", "goldman-TX\goldman-TX.vcxproj", "{316619F5-DAEC-4923-9111-56D50AF088EF}"
EndProject
Project("{888888A0-9F3D-457C-B088-3A5042F75D52}") = "transmarket", "transmarket\transmarket.pyproj", "{FE270ACE-9E09-41D8-A9CD-85B9F2DF3C45}"
EndProject
Project("{8BC9CEB8-8B4A-11D0-8D11-00A0C91BC942}") = "transmarket-cpp", "transmarket-cpp\transmarket-cpp.vcxproj", "{94D99C05-CA15-4C43-BD1D-2865F8E9DA9D}"
EndProject
Project("{8BC9CEB8-8B4A-11D0-8D11-00A0C91BC942}") = "two-sigma-cpp", "two-sigma-cpp\two-sigma-cpp.vcxproj", "{D6643B64-8DC1-473E-AB95-AE3E2F24EF1D}"
EndProject
Global
	GlobalSection(SolutionConfigurationPlatforms) = preSolution
		Debug|Any CPU = Debug|Any CPU
		Debug|x64 = Debug|x64
		Debug|x86 = Debug|x86
		Release|Any CPU = Release|Any CPU
		Release|x64 = Release|x64
		Release|x86 = Release|x86
	EndGlobalSection
	GlobalSection(ProjectConfigurationPlatforms) = postSolution
		{897C211B-5EC4-451F-B950-778174520611}.Debug|Any CPU.ActiveCfg = Debug|Win32
		{897C211B-5EC4-451F-B950-778174520611}.Debug|x64.ActiveCfg = Debug|x64
		{897C211B-5EC4-451F-B950-778174520611}.Debug|x64.Build.0 = Debug|x64
		{897C211B-5EC4-451F-B950-778174520611}.Debug|x86.ActiveCfg = Debug|Win32
		{897C211B-5EC4-451F-B950-778174520611}.Debug|x86.Build.0 = Debug|Win32
		{897C211B-5EC4-451F-B950-778174520611}.Release|Any CPU.ActiveCfg = Release|Win32
		{897C211B-5EC4-451F-B950-778174520611}.Release|x64.ActiveCfg = Release|x64
		{897C211B-5EC4-451F-B950-778174520611}.Release|x64.Build.0 = Release|x64
		{897C211B-5EC4-451F-B950-778174520611}.Release|x86.ActiveCfg = Release|Win32
		{897C211B-5EC4-451F-B950-778174520611}.Release|x86.Build.0 = Release|Win32
		{8DA8B526-D72E-4807-A4DB-06A1AAB647C7}.Debug|Any CPU.ActiveCfg = Debug|Any CPU
		{8DA8B526-D72E-4807-A4DB-06A1AAB647C7}.Debug|x64.ActiveCfg = Debug|Any CPU
		{8DA8B526-D72E-4807-A4DB-06A1AAB647C7}.Debug|x86.ActiveCfg = Debug|Any CPU
		{8DA8B526-D72E-4807-A4DB-06A1AAB647C7}.Release|Any CPU.ActiveCfg = Release|Any CPU
		{8DA8B526-D72E-4807-A4DB-06A1AAB647C7}.Release|x64.ActiveCfg = Release|Any CPU
		{8DA8B526-D72E-4807-A4DB-06A1AAB647C7}.Release|x86.ActiveCfg = Release|Any CPU
		{5674089F-7A67-4715-9FCE-D6B08A1408FA}.Debug|Any CPU.ActiveCfg = Debug|Any CPU
		{5674089F-7A67-4715-9FCE-D6B08A1408FA}.Debug|x64.ActiveCfg = Debug|Any CPU
		{5674089F-7A67-4715-9FCE-D6B08A1408FA}.Debug|x86.ActiveCfg = Debug|Any CPU
		{5674089F-7A67-4715-9FCE-D6B08A1408FA}.Release|Any CPU.ActiveCfg = Release|Any CPU
		{5674089F-7A67-4715-9FCE-D6B08A1408FA}.Release|x64.ActiveCfg = Release|Any CPU
		{5674089F-7A67-4715-9FCE-D6B08A1408FA}.Release|x86.ActiveCfg = Release|Any CPU
		{0630754D-01E6-4E0D-A43B-8BC6189BAF83}.Debug|Any CPU.ActiveCfg = Debug|Any CPU
		{0630754D-01E6-4E0D-A43B-8BC6189BAF83}.Debug|x64.ActiveCfg = Debug|Any CPU
		{0630754D-01E6-4E0D-A43B-8BC6189BAF83}.Debug|x86.ActiveCfg = Debug|Any CPU
		{0630754D-01E6-4E0D-A43B-8BC6189BAF83}.Release|Any CPU.ActiveCfg = Release|Any CPU
		{0630754D-01E6-4E0D-A43B-8BC6189BAF83}.Release|x64.ActiveCfg = Release|Any CPU
		{0630754D-01E6-4E0D-A43B-8BC6189BAF83}.Release|x86.ActiveCfg = Release|Any CPU
		{316619F5-DAEC-4923-9111-56D50AF088EF}.Debug|Any CPU.ActiveCfg = Debug|Win32
		{316619F5-DAEC-4923-9111-56D50AF088EF}.Debug|x64.ActiveCfg = Debug|x64
		{316619F5-DAEC-4923-9111-56D50AF088EF}.Debug|x64.Build.0 = Debug|x64
		{316619F5-DAEC-4923-9111-56D50AF088EF}.Debug|x86.ActiveCfg = Debug|Win32
		{316619F5-DAEC-4923-9111-56D50AF088EF}.Debug|x86.Build.0 = Debug|Win32
		{316619F5-DAEC-4923-9111-56D50AF088EF}.Release|Any CPU.ActiveCfg = Release|Win32
		{316619F5-DAEC-4923-9111-56D50AF088EF}.Release|x64.ActiveCfg = Release|x64
		{316619F5-DAEC-4923-9111-56D50AF088EF}.Release|x64.Build.0 = Release|x64
		{316619F5-DAEC-4923-9111-56D50AF088EF}.Release|x86.ActiveCfg = Release|Win32
		{316619F5-DAEC-4923-9111-56D50AF088EF}.Release|x86.Build.0 = Release|Win32
		{FE270ACE-9E09-41D8-A9CD-85B9F2DF3C45}.Debug|Any CPU.ActiveCfg = Debug|Any CPU
		{FE270ACE-9E09-41D8-A9CD-85B9F2DF3C45}.Debug|x64.ActiveCfg = Debug|Any CPU
		{FE270ACE-9E09-41D8-A9CD-85B9F2DF3C45}.Debug|x86.ActiveCfg = Debug|Any CPU
		{FE270ACE-9E09-41D8-A9CD-85B9F2DF3C45}.Release|Any CPU.ActiveCfg = Release|Any CPU
		{FE270ACE-9E09-41D8-A9CD-85B9F2DF3C45}.Release|x64.ActiveCfg = Release|Any CPU
		{FE270ACE-9E09-41D8-A9CD-85B9F2DF3C45}.Release|x86.ActiveCfg = Release|Any CPU
		{94D99C05-CA15-4C43-BD1D-2865F8E9DA9D}.Debug|Any CPU.ActiveCfg = Debug|Win32
		{94D99C05-CA15-4C43-BD1D-2865F8E9DA9D}.Debug|x64.ActiveCfg = Debug|x64
		{94D99C05-CA15-4C43-BD1D-2865F8E9DA9D}.Debug|x64.Build.0 = Debug|x64
		{94D99C05-CA15-4C43-BD1D-2865F8E9DA9D}.Debug|x86.ActiveCfg = Debug|Win32
		{94D99C05-CA15-4C43-BD1D-2865F8E9DA9D}.Debug|x86.Build.0 = Debug|Win32
		{94D99C05-CA15-4C43-BD1D-2865F8E9DA9D}.Release|Any CPU.ActiveCfg = Release|Win32
		{94D99C05-CA15-4C43-BD1D-2865F8E9DA9D}.Release|x64.ActiveCfg = Release|x64
		{94D99C05-CA15-4C43-BD1D-2865F8E9DA9D}.Release|x64.Build.0 = Release|x64
		{94D99C05-CA15-4C43-BD1D-2865F8E9DA9D}.Release|x86.ActiveCfg = Release|Win32
		{94D99C05-CA15-4C43-BD1D-2865F8E9DA9D}.Release|x86.Build.0 = Release|Win32
		{D6643B64-8DC1-473E-AB95-AE3E2F24EF1D}.Debug|Any CPU.ActiveCfg = Debug|Win32
		{D6643B64-8DC1-473E-AB95-AE3E2F24EF1D}.Debug|x64.ActiveCfg = Debug|x64
		{D6643B64-8DC1-473E-AB95-AE3E2F24EF1D}.Debug|x64.Build.0 = Debug|x64
		{D6643B64-8DC1-473E-AB95-AE3E2F24EF1D}.Debug|x86.ActiveCfg = Debug|Win32
		{D6643B64-8DC1-473E-AB95-AE3E2F24EF1D}.Debug|x86.Build.0 = Debug|Win32
		{D6643B64-8DC1-473E-AB95-AE3E2F24EF1D}.Release|Any CPU.ActiveCfg = Release|Win32
		{D6643B64-8DC1-473E-AB95-AE3E2F24EF1D}.Release|x64.ActiveCfg = Release|x64
		{D6643B64-8DC1-473E-AB95-AE3E2F24EF1D}.Release|x64.Build.0 = Release|x64
		{D6643B64-8DC1-473E-AB95-AE3E2F24EF1D}.Release|x86.ActiveCfg = Release|Win32
		{D6643B64-8DC1-473E-AB95-AE3E2F24EF1D}.Release|x86.Build.0 = Release|Win32
	EndGlobalSection
	GlobalSection(SolutionProperties) = preSolution
		HideSolutionNode = FALSE
	EndGlobalSection
EndGlobal
